<?xml version="1.0" encoding="utf-8"?>
<Project ToolsVersion="4.0" xmlns="http://schemas.microsoft.com/developer/msbuild/2003">
  <ItemGroup>
    <Filter Include="Archivos de origen">
      <UniqueIdentifier>{4FC737F1-C7A5-4376-A066-2A32D752A2FF}</UniqueIdentifier>
      <Extensions>cpp;c;cc;cxx;c++;cppm;ixx;def;odl;idl;hpj;bat;asm;asmx</Extensions>
    </Filter>
    <Filter Include="Archivos de encabezado">
      <UniqueIdentifier>{93995380-89BD-4b04-88EB-625FBE52EBFB}</UniqueIdentifier>
      <Extensions>h;hh;hpp;hxx;h++;hm;inl;inc;ipp;xsd</Extensions>
    </Filter>
    <Filter Include="Archivos de recursos">
      <UniqueIdentifier>{67DA6AB6-F800-4c08-8B7A-83BB121AAD01}</UniqueIdentifier>
      <Extensions>rc;ico;cur;bmp;dlg;rc2;rct;bin;rgs;gif;jpg;jpeg;jpe;resx;tiff;tif;png;wav;mfcribbon-ms</Extensions>
    </Filter>
  </ItemGroup>
  <ItemGroup>
    <None Include="README.md" />
    <None Include="ListaLigadaDoble.java" />
    <None Include="Node.java" />
    <None Include="ListaGenerica.java" />
    <None Include="Pareja.java" />
  </ItemGroup>
  <ItemGroup>
    <Image Include="3.SOLID_PatronesDisenho\AbstractFactory.gif">
      <Filter>Archivos de recursos</Filter>
    </Image>
    <Image Include="2.EstructurasDatos\BigO.png">
      <Filter>Archivos de recursos</Filter>
    </Image>
    <Image Include="2.EstructurasDatos\Big_O.jpg">
      <Filter>Archivos de recursos</Filter>
    </Image>
    <Image Include="3.SOLID_PatronesDisenho\Builder.gif">
      <Filter>Archivos de recursos</Filter>
    </Image>
    <Image Include="3.SOLID_PatronesDisenho\Factory.gif">
      <Filter>Archivos de recursos</Filter>
    </Image>
    <Image Include="3.SOLID_PatronesDisenho\Prototype.gif">
      <Filter>Archivos de recursos</Filter>
    </Image>
    <Image Include="3.SOLID_PatronesDisenho\patronesCreacionales\Singleton.gif">
      <Filter>Archivos de recursos</Filter>
    </Image>
  </ItemGroup>
  <ItemGroup>
    <ClCompile Include="tipos_size_parte2.cpp">
      <Filter>Archivos de origen</Filter>
    </ClCompile>
    <ClCompile Include="tipos_size_parte1.cpp">
      <Filter>Archivos de origen</Filter>
    </ClCompile>
    <ClCompile Include="otras_funcionalidades.cpp">
      <Filter>Archivos de origen</Filter>
    </ClCompile>
    <ClCompile Include="modificadores.cpp">
      <Filter>Archivos de origen</Filter>
    </ClCompile>
    <ClCompile Include="if_else.cpp">
      <Filter>Archivos de origen</Filter>
    </ClCompile>
    <ClCompile Include="bucles.cpp">
      <Filter>Archivos de origen</Filter>
    </ClCompile>
    <ClCompile Include="ficheros.cpp">
      <Filter>Archivos de origen</Filter>
    </ClCompile>
    <ClCompile Include="funciones.cpp">
      <Filter>Archivos de origen</Filter>
    </ClCompile>
    <ClCompile Include="pointer_function.cpp">
      <Filter>Archivos de origen</Filter>
    </ClCompile>
  </ItemGroup>
</Project>